# Halflife fixture: a resolved closure representing a real published
# dependency state. Versions and checksums are genuine crates.io data.
version = 3

[[package]]
name = "halflife-fixture-circuit"
version = "0.1.0"
dependencies = [
    "halo2_gadgets",
    "halo2_proofs",
    "orchard",
    "zcash_primitives",
]

[[package]]
name = "halo2_gadgets"
version = "0.4.0"
source = "registry+https://github.com/rust-lang/crates.io-index"
checksum = "45824ce0dd12e91ec0c68ebae2a7ed8ae19b70946624c849add59f1d1a62a143"

[[package]]
name = "halo2_proofs"
version = "0.3.2"
source = "registry+https://github.com/rust-lang/crates.io-index"
checksum = "05713f117155643ce10975e0bee44a274bcda2f4bb5ef29a999ad67c1fa8d4d3"

[[package]]
name = "orchard"
version = "0.13.1"
source = "registry+https://github.com/rust-lang/crates.io-index"
checksum = "497e74492624a1d1cc8c9675a7afb17b430d32fd9efc171513d0840140b5f0c7"

[[package]]
name = "zcash_primitives"
version = "0.27.1"
source = "registry+https://github.com/rust-lang/crates.io-index"
checksum = "6043f775b7b57e1400c248bb2f65d6fe34827d87d8a438307e4440501cf179ff"
