# Halflife fixture: a resolved closure representing a real published
# dependency state. Versions and checksums are genuine crates.io data.
version = 3

[[package]]
name = "halflife-fixture-circuit"
version = "0.1.0"
dependencies = [
    "halo2_gadgets",
    "halo2_proofs",
    "orchard",
    "zcash_primitives",
]

[[package]]
name = "halo2_gadgets"
version = "0.5.0"
source = "registry+https://github.com/rust-lang/crates.io-index"
checksum = "fb2a697cad929f706b7987fe804ad57d43622cd37463ba7e4d662a926fdcfea3"

[[package]]
name = "halo2_proofs"
version = "0.3.2"
source = "registry+https://github.com/rust-lang/crates.io-index"
checksum = "05713f117155643ce10975e0bee44a274bcda2f4bb5ef29a999ad67c1fa8d4d3"

[[package]]
name = "orchard"
version = "0.14.0"
source = "registry+https://github.com/rust-lang/crates.io-index"
checksum = "a54f8d29bfb1e76a9d4e868a1a08cce2e57dd2bdc66232982822ad3114b91ab3"

[[package]]
name = "zcash_primitives"
version = "0.28.0"
source = "registry+https://github.com/rust-lang/crates.io-index"
checksum = "c69e07f5eb3f682a6467b4b08ee4956f1acd1e886d70b21c4766953b3a1beba2"
